<?xml version="1.0" encoding="utf-8"?>
<Project ToolsVersion="4.0" xmlns="http://schemas.microsoft.com/developer/msbuild/2003">
  <ItemGroup>
    <ClCompile Include="Fourier.cpp">
      <Filter>Source</Filter>
    </ClCompile>
    <ClCompile Include="Main_code.cpp">
      <Filter>Source</Filter>
    </ClCompile>
    <ClCompile Include="PSI_SNR.cpp">
      <Filter>Source</Filter>
    </ClCompile>
    <ClCompile Include="Quantization.cpp">
      <Filter>Source</Filter>
    </ClCompile>
    <ClCompile Include="GUI.cpp">
      <Filter>Source</Filter>
    </ClCompile>
  </ItemGroup>
  <ItemGroup>
    <Filter Include="Source">
      <UniqueIdentifier>{d375ae75-df1b-44ff-acc8-6d124d333f3f}</UniqueIdentifier>
    </Filter>
  </ItemGroup>
  <ItemGroup>
    <ClInclude Include="maindec.h">
      <Filter>Source</Filter>
    </ClInclude>
  </ItemGroup>
</Project>