
Microsoft Visual Studio Solution File, Format Version 12.00
# Visual Studio 15
VisualStudioVersion = 15.0.28307.329
MinimumVisualStudioVersion = 10.0.40219.1
Project("{8BC9CEB8-8B4A-11D0-8D11-00A0C91BC942}") = "Prostokat_v3", "CGH\CGH.vcxproj", "{650FF00D-34CA-4162-BE9E-6330252C027E}"
EndProject
Global
	GlobalSection(SolutionConfigurationPlatforms) = preSolution
		Debug|x64 = Debug|x64
		Debug|x86 = Debug|x86
		Release|x64 = Release|x64
		Release|x86 = Release|x86
	EndGlobalSection
	GlobalSection(ProjectConfigurationPlatforms) = postSolution
		{650FF00D-34CA-4162-BE9E-6330252C027E}.Debug|x64.ActiveCfg = Debug|x64
		{650FF00D-34CA-4162-BE9E-6330252C027E}.Debug|x64.Build.0 = Debug|x64
		{650FF00D-34CA-4162-BE9E-6330252C027E}.Debug|x86.ActiveCfg = Debug|Win32
		{650FF00D-34CA-4162-BE9E-6330252C027E}.Debug|x86.Build.0 = Debug|Win32
		{650FF00D-34CA-4162-BE9E-6330252C027E}.Release|x64.ActiveCfg = Release|x64
		{650FF00D-34CA-4162-BE9E-6330252C027E}.Release|x64.Build.0 = Release|x64
		{650FF00D-34CA-4162-BE9E-6330252C027E}.Release|x86.ActiveCfg = Release|Win32
		{650FF00D-34CA-4162-BE9E-6330252C027E}.Release|x86.Build.0 = Release|Win32
	EndGlobalSection
	GlobalSection(SolutionProperties) = preSolution
		HideSolutionNode = FALSE
	EndGlobalSection
	GlobalSection(ExtensibilityGlobals) = postSolution
		SolutionGuid = {ADEFCD4D-ADD7-4782-98EC-D2DFEB1283B1}
	EndGlobalSection
EndGlobal
